
Microsoft Visual Studio Solution File, Format Version 12.00
# Visual Studio Version 17
VisualStudioVersion = 17.14.36811.4
MinimumVisualStudioVersion = 10.0.40219.1
Project("{FAE04EC0-301F-11D3-BF4B-00C04F79EFBC}") = "Prosologic.Core", "Prosologic.Core\Prosologic.Core.csproj", "{DAB81D73-E3B2-429F-A843-C7FE4E33CD25}"
EndProject
Project("{FAE04EC0-301F-11D3-BF4B-00C04F79EFBC}") = "Prosologic.Studio", "Prosologic.Studio\Prosologic.Studio.csproj", "{FDE36B31-4107-4971-AEC6-AA3F9255A735}"
EndProject
Global
	GlobalSection(SolutionConfigurationPlatforms) = preSolution
		Debug|Any CPU = Debug|Any CPU
		Debug|x64 = Debug|x64
		Debug|x86 = Debug|x86
		Release|Any CPU = Release|Any CPU
		Release|x64 = Release|x64
		Release|x86 = Release|x86
	EndGlobalSection
	GlobalSection(ProjectConfigurationPlatforms) = postSolution
		{DAB81D73-E3B2-429F-A843-C7FE4E33CD25}.Debug|Any CPU.ActiveCfg = Debug|Any CPU
		{DAB81D73-E3B2-429F-A843-C7FE4E33CD25}.Debug|Any CPU.Build.0 = Debug|Any CPU
		{DAB81D73-E3B2-429F-A843-C7FE4E33CD25}.Debug|x64.ActiveCfg = Debug|Any CPU
		{DAB81D73-E3B2-429F-A843-C7FE4E33CD25}.Debug|x64.Build.0 = Debug|Any CPU
		{DAB81D73-E3B2-429F-A843-C7FE4E33CD25}.Debug|x86.ActiveCfg = Debug|Any CPU
		{DAB81D73-E3B2-429F-A843-C7FE4E33CD25}.Debug|x86.Build.0 = Debug|Any CPU
		{DAB81D73-E3B2-429F-A843-C7FE4E33CD25}.Release|Any CPU.ActiveCfg = Release|Any CPU
		{DAB81D73-E3B2-429F-A843-C7FE4E33CD25}.Release|Any CPU.Build.0 = Release|Any CPU
		{DAB81D73-E3B2-429F-A843-C7FE4E33CD25}.Release|x64.ActiveCfg = Release|Any CPU
		{DAB81D73-E3B2-429F-A843-C7FE4E33CD25}.Release|x64.Build.0 = Release|Any CPU
		{DAB81D73-E3B2-429F-A843-C7FE4E33CD25}.Release|x86.ActiveCfg = Release|Any CPU
		{DAB81D73-E3B2-429F-A843-C7FE4E33CD25}.Release|x86.Build.0 = Release|Any CPU
		{FDE36B31-4107-4971-AEC6-AA3F9255A735}.Debug|Any CPU.ActiveCfg = Debug|Any CPU
		{FDE36B31-4107-4971-AEC6-AA3F9255A735}.Debug|Any CPU.Build.0 = Debug|Any CPU
		{FDE36B31-4107-4971-AEC6-AA3F9255A735}.Debug|x64.ActiveCfg = Debug|Any CPU
		{FDE36B31-4107-4971-AEC6-AA3F9255A735}.Debug|x64.Build.0 = Debug|Any CPU
		{FDE36B31-4107-4971-AEC6-AA3F9255A735}.Debug|x86.ActiveCfg = Debug|Any CPU
		{FDE36B31-4107-4971-AEC6-AA3F9255A735}.Debug|x86.Build.0 = Debug|Any CPU
		{FDE36B31-4107-4971-AEC6-AA3F9255A735}.Release|Any CPU.ActiveCfg = Release|Any CPU
		{FDE36B31-4107-4971-AEC6-AA3F9255A735}.Release|Any CPU.Build.0 = Release|Any CPU
		{FDE36B31-4107-4971-AEC6-AA3F9255A735}.Release|x64.ActiveCfg = Release|Any CPU
		{FDE36B31-4107-4971-AEC6-AA3F9255A735}.Release|x64.Build.0 = Release|Any CPU
		{FDE36B31-4107-4971-AEC6-AA3F9255A735}.Release|x86.ActiveCfg = Release|Any CPU
		{FDE36B31-4107-4971-AEC6-AA3F9255A735}.Release|x86.Build.0 = Release|Any CPU
	EndGlobalSection
	GlobalSection(SolutionProperties) = preSolution
		HideSolutionNode = FALSE
	EndGlobalSection
	GlobalSection(ExtensibilityGlobals) = postSolution
		SolutionGuid = {008FEB76-E7E2-4E14-A822-EFE6521B63A8}
	EndGlobalSection
EndGlobal
